{
  "name": "amenov.validator",
  "version": "2.2.1",
  "lockfileVersion": 2,
  "requires": true,
  "packages": {
    "": {
      "name": "amenov.validator",
      "version": "2.2.1",
      "license": "MIT",
      "dependencies": {
        "libphonenumber-js": "^1.9.8",
        "moment": "^2.29.1"
      }
    },
    "node_modules/libphonenumber-js": {
      "version": "1.9.22",
      "resolved": "https://registry.npmjs.org/libphonenumber-js/-/libphonenumber-js-1.9.22.tgz",
      "integrity": "sha512-nE0aF0wrNq09ewF36s9FVqRW73hmpw6cobVDlbexmsu1432LEfuN24BCudNuRx4t2rElSeK/N0JbedzRW/TC4A=="
    },
    "node_modules/moment": {
      "version": "2.29.1",
      "resolved": "https://registry.npmjs.org/moment/-/moment-2.29.1.tgz",
      "integrity": "sha512-kHmoybcPV8Sqy59DwNDY3Jefr64lK/by/da0ViFcuA4DH0vQg5Q6Ze5VimxkfQNSC+Mls/Kx53s7TjP1RhFEDQ==",
      "engines": {
        "node": "*"
      }
    }
  },
  "dependencies": {
    "libphonenumber-js": {
      "version": "1.9.22",
      "resolved": "https://registry.npmjs.org/libphonenumber-js/-/libphonenumber-js-1.9.22.tgz",
      "integrity": "sha512-nE0aF0wrNq09ewF36s9FVqRW73hmpw6cobVDlbexmsu1432LEfuN24BCudNuRx4t2rElSeK/N0JbedzRW/TC4A=="
    },
    "moment": {
      "version": "2.29.1",
      "resolved": "https://registry.npmjs.org/moment/-/moment-2.29.1.tgz",
      "integrity": "sha512-kHmoybcPV8Sqy59DwNDY3Jefr64lK/by/da0ViFcuA4DH0vQg5Q6Ze5VimxkfQNSC+Mls/Kx53s7TjP1RhFEDQ=="
    }
  }
}
